
Microsoft Visual Studio Solution File, Format Version 12.00
# Visual Studio Version 17
VisualStudioVersion = 17.14.36603.0 d17.14
MinimumVisualStudioVersion = 10.0.40219.1
Project("{8BC9CEB8-8B4A-11D0-8D11-00A0C91BC942}") = "PokerEval", "PokerEval\PokerEval.vcxproj", "{57E57FD4-085A-4D9F-AB01-CECB2F2ADC6F}"
EndProject
Project("{8BC9CEB8-8B4A-11D0-8D11-00A0C91BC942}") = "GenerareFlushArray", "GenerareFlushArray\GenerareFlushArray.vcxproj", "{9BBDC8C0-998C-457E-B05B-81F695AAE5FA}"
EndProject
Project("{8BC9CEB8-8B4A-11D0-8D11-00A0C91BC942}") = "ShuffleEvaluator", "ShuffleEvaluator\ShuffleEvaluator.vcxproj", "{A963396F-EC74-4CBF-8537-D27FC5D90BE2}"
EndProject
Project("{8BC9CEB8-8B4A-11D0-8D11-00A0C91BC942}") = "Benchmark", "Benchmark\Benchmark.vcxproj", "{6873BC83-AF57-4EB6-AEF4-91310713F8C4}"
EndProject
Project("{2150E333-8FDC-42A3-9474-1A3956D46DE8}") = "Solution Items", "Solution Items", "{8EC462FD-D22E-90A8-E5CE-7E832BA40C5D}"
	ProjectSection(SolutionItems) = preProject
		README.md = README.md
	EndProjectSection
EndProject
Global
	GlobalSection(SolutionConfigurationPlatforms) = preSolution
		Debug|x64 = Debug|x64
		Debug|x86 = Debug|x86
		Release|x64 = Release|x64
		Release|x86 = Release|x86
	EndGlobalSection
	GlobalSection(ProjectConfigurationPlatforms) = postSolution
		{57E57FD4-085A-4D9F-AB01-CECB2F2ADC6F}.Debug|x64.ActiveCfg = Debug|x64
		{57E57FD4-085A-4D9F-AB01-CECB2F2ADC6F}.Debug|x64.Build.0 = Debug|x64
		{57E57FD4-085A-4D9F-AB01-CECB2F2ADC6F}.Debug|x86.ActiveCfg = Debug|Win32
		{57E57FD4-085A-4D9F-AB01-CECB2F2ADC6F}.Debug|x86.Build.0 = Debug|Win32
		{57E57FD4-085A-4D9F-AB01-CECB2F2ADC6F}.Release|x64.ActiveCfg = Release|x64
		{57E57FD4-085A-4D9F-AB01-CECB2F2ADC6F}.Release|x64.Build.0 = Release|x64
		{57E57FD4-085A-4D9F-AB01-CECB2F2ADC6F}.Release|x86.ActiveCfg = Release|Win32
		{57E57FD4-085A-4D9F-AB01-CECB2F2ADC6F}.Release|x86.Build.0 = Release|Win32
		{9BBDC8C0-998C-457E-B05B-81F695AAE5FA}.Debug|x64.ActiveCfg = Debug|x64
		{9BBDC8C0-998C-457E-B05B-81F695AAE5FA}.Debug|x64.Build.0 = Debug|x64
		{9BBDC8C0-998C-457E-B05B-81F695AAE5FA}.Debug|x86.ActiveCfg = Debug|Win32
		{9BBDC8C0-998C-457E-B05B-81F695AAE5FA}.Debug|x86.Build.0 = Debug|Win32
		{9BBDC8C0-998C-457E-B05B-81F695AAE5FA}.Release|x64.ActiveCfg = Release|x64
		{9BBDC8C0-998C-457E-B05B-81F695AAE5FA}.Release|x64.Build.0 = Release|x64
		{9BBDC8C0-998C-457E-B05B-81F695AAE5FA}.Release|x86.ActiveCfg = Release|Win32
		{9BBDC8C0-998C-457E-B05B-81F695AAE5FA}.Release|x86.Build.0 = Release|Win32
		{A963396F-EC74-4CBF-8537-D27FC5D90BE2}.Debug|x64.ActiveCfg = Debug|x64
		{A963396F-EC74-4CBF-8537-D27FC5D90BE2}.Debug|x64.Build.0 = Debug|x64
		{A963396F-EC74-4CBF-8537-D27FC5D90BE2}.Debug|x86.ActiveCfg = Debug|Win32
		{A963396F-EC74-4CBF-8537-D27FC5D90BE2}.Debug|x86.Build.0 = Debug|Win32
		{A963396F-EC74-4CBF-8537-D27FC5D90BE2}.Release|x64.ActiveCfg = Release|x64
		{A963396F-EC74-4CBF-8537-D27FC5D90BE2}.Release|x64.Build.0 = Release|x64
		{A963396F-EC74-4CBF-8537-D27FC5D90BE2}.Release|x86.ActiveCfg = Release|Win32
		{A963396F-EC74-4CBF-8537-D27FC5D90BE2}.Release|x86.Build.0 = Release|Win32
		{6873BC83-AF57-4EB6-AEF4-91310713F8C4}.Debug|x64.ActiveCfg = Debug|x64
		{6873BC83-AF57-4EB6-AEF4-91310713F8C4}.Debug|x64.Build.0 = Debug|x64
		{6873BC83-AF57-4EB6-AEF4-91310713F8C4}.Debug|x86.ActiveCfg = Debug|Win32
		{6873BC83-AF57-4EB6-AEF4-91310713F8C4}.Debug|x86.Build.0 = Debug|Win32
		{6873BC83-AF57-4EB6-AEF4-91310713F8C4}.Release|x64.ActiveCfg = Release|x64
		{6873BC83-AF57-4EB6-AEF4-91310713F8C4}.Release|x64.Build.0 = Release|x64
		{6873BC83-AF57-4EB6-AEF4-91310713F8C4}.Release|x86.ActiveCfg = Release|Win32
		{6873BC83-AF57-4EB6-AEF4-91310713F8C4}.Release|x86.Build.0 = Release|Win32
	EndGlobalSection
	GlobalSection(SolutionProperties) = preSolution
		HideSolutionNode = FALSE
	EndGlobalSection
	GlobalSection(ExtensibilityGlobals) = postSolution
		SolutionGuid = {A53B7BB3-1545-4621-8358-C317ACA9FF33}
	EndGlobalSection
EndGlobal
